Microsoft Visual Studio Solution File, Format Version 12.00
# Visual Studio 14
VisualStudioVersion = 14.0.24720.0
MinimumVisualStudioVersion = 10.0.40219.1
Project("{FAE04EC0-301F-11D3-BF4B-00C04F79EFBC}") = "OsmSharp.Forms", "OsmSharp.Forms\OsmSharp.Forms\OsmSharp.Forms.csproj", "{0C5E136B-06CF-4BBE-B6F4-9EE98DCF2BAC}"
EndProject
Project("{FAE04EC0-301F-11D3-BF4B-00C04F79EFBC}") = "OSMSharp.Forms.Droid", "OsmSharp.Forms\OSMSharp.Forms.Droid\OSMSharp.Forms.Droid.csproj", "{48671621-A24F-4945-AC77-D8B68E0E5B29}"
EndProject
Project("{FAE04EC0-301F-11D3-BF4B-00C04F79EFBC}") = "OsmSharp.Forms.Sample", "OsmSharp.Forms.Sample\OsmSharp.Forms.Sample.csproj", "{B8195FB1-AA22-4E9D-BBC2-D27BA5E226A7}"
EndProject
Project("{FAE04EC0-301F-11D3-BF4B-00C04F79EFBC}") = "OsmSharp.Forms.Sample.iOS", "iOS\OsmSharp.Forms.Sample.iOS.csproj", "{32209E0C-D166-419D-924D-6E1873D05C29}"
EndProject
Project("{FAE04EC0-301F-11D3-BF4B-00C04F79EFBC}") = "OsmSharp.Forms.Sample.Droid", "Droid\OsmSharp.Forms.Sample.Droid.csproj", "{E943D390-FC18-4405-9F76-88E7E8E85411}"
EndProject
Project("{FAE04EC0-301F-11D3-BF4B-00C04F79EFBC}") = "OsmSharp.Forms.iOS", "OsmSharp.Forms\OsmSharp.Forms.iOS\OsmSharp.Forms.iOS.csproj", "{B8207187-FE05-4517-BB25-B7C11489364A}"
EndProject
Global
	GlobalSection(SolutionConfigurationPlatforms) = preSolution
		Ad-Hoc|Any CPU = Ad-Hoc|Any CPU
		Ad-Hoc|ARM = Ad-Hoc|ARM
		Ad-Hoc|iPhone = Ad-Hoc|iPhone
		Ad-Hoc|iPhoneSimulator = Ad-Hoc|iPhoneSimulator
		Ad-Hoc|x64 = Ad-Hoc|x64
		Ad-Hoc|x86 = Ad-Hoc|x86
		AppStore|Any CPU = AppStore|Any CPU
		AppStore|ARM = AppStore|ARM
		AppStore|iPhone = AppStore|iPhone
		AppStore|iPhoneSimulator = AppStore|iPhoneSimulator
		AppStore|x64 = AppStore|x64
		AppStore|x86 = AppStore|x86
		Debug|Any CPU = Debug|Any CPU
		Debug|ARM = Debug|ARM
		Debug|iPhone = Debug|iPhone
		Debug|iPhoneSimulator = Debug|iPhoneSimulator
		Debug|x64 = Debug|x64
		Debug|x86 = Debug|x86
		Release|Any CPU = Release|Any CPU
		Release|ARM = Release|ARM
		Release|iPhone = Release|iPhone
		Release|iPhoneSimulator = Release|iPhoneSimulator
		Release|x64 = Release|x64
		Release|x86 = Release|x86
	EndGlobalSection
	GlobalSection(ProjectConfigurationPlatforms) = postSolution
		{0C5E136B-06CF-4BBE-B6F4-9EE98DCF2BAC}.Ad-Hoc|Any CPU.ActiveCfg = Release|Any CPU
		{0C5E136B-06CF-4BBE-B6F4-9EE98DCF2BAC}.Ad-Hoc|Any CPU.Build.0 = Release|Any CPU
		{0C5E136B-06CF-4BBE-B6F4-9EE98DCF2BAC}.Ad-Hoc|ARM.ActiveCfg = Release|Any CPU
		{0C5E136B-06CF-4BBE-B6F4-9EE98DCF2BAC}.Ad-Hoc|ARM.Build.0 = Release|Any CPU
		{0C5E136B-06CF-4BBE-B6F4-9EE98DCF2BAC}.Ad-Hoc|iPhone.ActiveCfg = Release|Any CPU
		{0C5E136B-06CF-4BBE-B6F4-9EE98DCF2BAC}.Ad-Hoc|iPhone.Build.0 = Release|Any CPU
		{0C5E136B-06CF-4BBE-B6F4-9EE98DCF2BAC}.Ad-Hoc|iPhoneSimulator.ActiveCfg = Release|Any CPU
		{0C5E136B-06CF-4BBE-B6F4-9EE98DCF2BAC}.Ad-Hoc|iPhoneSimulator.Build.0 = Release|Any CPU
		{0C5E136B-06CF-4BBE-B6F4-9EE98DCF2BAC}.Ad-Hoc|x64.ActiveCfg = Release|Any CPU
		{0C5E136B-06CF-4BBE-B6F4-9EE98DCF2BAC}.Ad-Hoc|x64.Build.0 = Release|Any CPU
		{0C5E136B-06CF-4BBE-B6F4-9EE98DCF2BAC}.Ad-Hoc|x86.ActiveCfg = Release|Any CPU
		{0C5E136B-06CF-4BBE-B6F4-9EE98DCF2BAC}.Ad-Hoc|x86.Build.0 = Release|Any CPU
		{0C5E136B-06CF-4BBE-B6F4-9EE98DCF2BAC}.AppStore|Any CPU.ActiveCfg = Release|Any CPU
		{0C5E136B-06CF-4BBE-B6F4-9EE98DCF2BAC}.AppStore|Any CPU.Build.0 = Release|Any CPU
		{0C5E136B-06CF-4BBE-B6F4-9EE98DCF2BAC}.AppStore|ARM.ActiveCfg = Release|Any CPU
		{0C5E136B-06CF-4BBE-B6F4-9EE98DCF2BAC}.AppStore|ARM.Build.0 = Release|Any CPU
		{0C5E136B-06CF-4BBE-B6F4-9EE98DCF2BAC}.AppStore|iPhone.ActiveCfg = Release|Any CPU
		{0C5E136B-06CF-4BBE-B6F4-9EE98DCF2BAC}.AppStore|iPhone.Build.0 = Release|Any CPU
		{0C5E136B-06CF-4BBE-B6F4-9EE98DCF2BAC}.AppStore|iPhoneSimulator.ActiveCfg = Release|Any CPU
		{0C5E136B-06CF-4BBE-B6F4-9EE98DCF2BAC}.AppStore|iPhoneSimulator.Build.0 = Release|Any CPU
		{0C5E136B-06CF-4BBE-B6F4-9EE98DCF2BAC}.AppStore|x64.ActiveCfg = Release|Any CPU
		{0C5E136B-06CF-4BBE-B6F4-9EE98DCF2BAC}.AppStore|x64.Build.0 = Release|Any CPU
		{0C5E136B-06CF-4BBE-B6F4-9EE98DCF2BAC}.AppStore|x86.ActiveCfg = Release|Any CPU
		{0C5E136B-06CF-4BBE-B6F4-9EE98DCF2BAC}.AppStore|x86.Build.0 = Release|Any CPU
		{0C5E136B-06CF-4BBE-B6F4-9EE98DCF2BAC}.Debug|Any CPU.ActiveCfg = Debug|Any CPU
		{0C5E136B-06CF-4BBE-B6F4-9EE98DCF2BAC}.Debug|Any CPU.Build.0 = Debug|Any CPU
		{0C5E136B-06CF-4BBE-B6F4-9EE98DCF2BAC}.Debug|ARM.ActiveCfg = Debug|Any CPU
		{0C5E136B-06CF-4BBE-B6F4-9EE98DCF2BAC}.Debug|ARM.Build.0 = Debug|Any CPU
		{0C5E136B-06CF-4BBE-B6F4-9EE98DCF2BAC}.Debug|iPhone.ActiveCfg = Debug|Any CPU
		{0C5E136B-06CF-4BBE-B6F4-9EE98DCF2BAC}.Debug|iPhone.Build.0 = Debug|Any CPU
		{0C5E136B-06CF-4BBE-B6F4-9EE98DCF2BAC}.Debug|iPhoneSimulator.ActiveCfg = Debug|Any CPU
		{0C5E136B-06CF-4BBE-B6F4-9EE98DCF2BAC}.Debug|iPhoneSimulator.Build.0 = Debug|Any CPU
		{0C5E136B-06CF-4BBE-B6F4-9EE98DCF2BAC}.Debug|x64.ActiveCfg = Debug|Any CPU
		{0C5E136B-06CF-4BBE-B6F4-9EE98DCF2BAC}.Debug|x64.Build.0 = Debug|Any CPU
		{0C5E136B-06CF-4BBE-B6F4-9EE98DCF2BAC}.Debug|x86.ActiveCfg = Debug|Any CPU
		{0C5E136B-06CF-4BBE-B6F4-9EE98DCF2BAC}.Debug|x86.Build.0 = Debug|Any CPU
		{0C5E136B-06CF-4BBE-B6F4-9EE98DCF2BAC}.Release|Any CPU.ActiveCfg = Release|Any CPU
		{0C5E136B-06CF-4BBE-B6F4-9EE98DCF2BAC}.Release|Any CPU.Build.0 = Release|Any CPU
		{0C5E136B-06CF-4BBE-B6F4-9EE98DCF2BAC}.Release|ARM.ActiveCfg = Release|Any CPU
		{0C5E136B-06CF-4BBE-B6F4-9EE98DCF2BAC}.Release|ARM.Build.0 = Release|Any CPU
		{0C5E136B-06CF-4BBE-B6F4-9EE98DCF2BAC}.Release|iPhone.ActiveCfg = Release|Any CPU
		{0C5E136B-06CF-4BBE-B6F4-9EE98DCF2BAC}.Release|iPhone.Build.0 = Release|Any CPU
		{0C5E136B-06CF-4BBE-B6F4-9EE98DCF2BAC}.Release|iPhoneSimulator.ActiveCfg = Release|Any CPU
		{0C5E136B-06CF-4BBE-B6F4-9EE98DCF2BAC}.Release|iPhoneSimulator.Build.0 = Release|Any CPU
		{0C5E136B-06CF-4BBE-B6F4-9EE98DCF2BAC}.Release|x64.ActiveCfg = Release|Any CPU
		{0C5E136B-06CF-4BBE-B6F4-9EE98DCF2BAC}.Release|x64.Build.0 = Release|Any CPU
		{0C5E136B-06CF-4BBE-B6F4-9EE98DCF2BAC}.Release|x86.ActiveCfg = Release|Any CPU
		{0C5E136B-06CF-4BBE-B6F4-9EE98DCF2BAC}.Release|x86.Build.0 = Release|Any CPU
		{48671621-A24F-4945-AC77-D8B68E0E5B29}.Ad-Hoc|Any CPU.ActiveCfg = Release|Any CPU
		{48671621-A24F-4945-AC77-D8B68E0E5B29}.Ad-Hoc|Any CPU.Build.0 = Release|Any CPU
		{48671621-A24F-4945-AC77-D8B68E0E5B29}.Ad-Hoc|ARM.ActiveCfg = Release|Any CPU
		{48671621-A24F-4945-AC77-D8B68E0E5B29}.Ad-Hoc|ARM.Build.0 = Release|Any CPU
		{48671621-A24F-4945-AC77-D8B68E0E5B29}.Ad-Hoc|iPhone.ActiveCfg = Release|Any CPU
		{48671621-A24F-4945-AC77-D8B68E0E5B29}.Ad-Hoc|iPhone.Build.0 = Release|Any CPU
		{48671621-A24F-4945-AC77-D8B68E0E5B29}.Ad-Hoc|iPhoneSimulator.ActiveCfg = Release|Any CPU
		{48671621-A24F-4945-AC77-D8B68E0E5B29}.Ad-Hoc|iPhoneSimulator.Build.0 = Release|Any CPU
		{48671621-A24F-4945-AC77-D8B68E0E5B29}.Ad-Hoc|x64.ActiveCfg = Release|Any CPU
		{48671621-A24F-4945-AC77-D8B68E0E5B29}.Ad-Hoc|x64.Build.0 = Release|Any CPU
		{48671621-A24F-4945-AC77-D8B68E0E5B29}.Ad-Hoc|x86.ActiveCfg = Release|Any CPU
		{48671621-A24F-4945-AC77-D8B68E0E5B29}.Ad-Hoc|x86.Build.0 = Release|Any CPU
		{48671621-A24F-4945-AC77-D8B68E0E5B29}.AppStore|Any CPU.ActiveCfg = Release|Any CPU
		{48671621-A24F-4945-AC77-D8B68E0E5B29}.AppStore|Any CPU.Build.0 = Release|Any CPU
		{48671621-A24F-4945-AC77-D8B68E0E5B29}.AppStore|ARM.ActiveCfg = Release|Any CPU
		{48671621-A24F-4945-AC77-D8B68E0E5B29}.AppStore|ARM.Build.0 = Release|Any CPU
		{48671621-A24F-4945-AC77-D8B68E0E5B29}.AppStore|iPhone.ActiveCfg = Release|Any CPU
		{48671621-A24F-4945-AC77-D8B68E0E5B29}.AppStore|iPhone.Build.0 = Release|Any CPU
		{48671621-A24F-4945-AC77-D8B68E0E5B29}.AppStore|iPhoneSimulator.ActiveCfg = Release|Any CPU
		{48671621-A24F-4945-AC77-D8B68E0E5B29}.AppStore|iPhoneSimulator.Build.0 = Release|Any CPU
		{48671621-A24F-4945-AC77-D8B68E0E5B29}.AppStore|x64.ActiveCfg = Release|Any CPU
		{48671621-A24F-4945-AC77-D8B68E0E5B29}.AppStore|x64.Build.0 = Release|Any CPU
		{48671621-A24F-4945-AC77-D8B68E0E5B29}.AppStore|x86.ActiveCfg = Release|Any CPU
		{48671621-A24F-4945-AC77-D8B68E0E5B29}.AppStore|x86.Build.0 = Release|Any CPU
		{48671621-A24F-4945-AC77-D8B68E0E5B29}.Debug|Any CPU.ActiveCfg = Debug|Any CPU
		{48671621-A24F-4945-AC77-D8B68E0E5B29}.Debug|Any CPU.Build.0 = Debug|Any CPU
		{48671621-A24F-4945-AC77-D8B68E0E5B29}.Debug|ARM.ActiveCfg = Debug|Any CPU
		{48671621-A24F-4945-AC77-D8B68E0E5B29}.Debug|ARM.Build.0 = Debug|Any CPU
		{48671621-A24F-4945-AC77-D8B68E0E5B29}.Debug|iPhone.ActiveCfg = Debug|Any CPU
		{48671621-A24F-4945-AC77-D8B68E0E5B29}.Debug|iPhone.Build.0 = Debug|Any CPU
		{48671621-A24F-4945-AC77-D8B68E0E5B29}.Debug|iPhoneSimulator.ActiveCfg = Debug|Any CPU
		{48671621-A24F-4945-AC77-D8B68E0E5B29}.Debug|iPhoneSimulator.Build.0 = Debug|Any CPU
		{48671621-A24F-4945-AC77-D8B68E0E5B29}.Debug|x64.ActiveCfg = Debug|Any CPU
		{48671621-A24F-4945-AC77-D8B68E0E5B29}.Debug|x64.Build.0 = Debug|Any CPU
		{48671621-A24F-4945-AC77-D8B68E0E5B29}.Debug|x86.ActiveCfg = Debug|Any CPU
		{48671621-A24F-4945-AC77-D8B68E0E5B29}.Debug|x86.Build.0 = Debug|Any CPU
		{48671621-A24F-4945-AC77-D8B68E0E5B29}.Release|Any CPU.ActiveCfg = Release|Any CPU
		{48671621-A24F-4945-AC77-D8B68E0E5B29}.Release|Any CPU.Build.0 = Release|Any CPU
		{48671621-A24F-4945-AC77-D8B68E0E5B29}.Release|ARM.ActiveCfg = Release|Any CPU
		{48671621-A24F-4945-AC77-D8B68E0E5B29}.Release|ARM.Build.0 = Release|Any CPU
		{48671621-A24F-4945-AC77-D8B68E0E5B29}.Release|iPhone.ActiveCfg = Release|Any CPU
		{48671621-A24F-4945-AC77-D8B68E0E5B29}.Release|iPhone.Build.0 = Release|Any CPU
		{48671621-A24F-4945-AC77-D8B68E0E5B29}.Release|iPhoneSimulator.ActiveCfg = Release|Any CPU
		{48671621-A24F-4945-AC77-D8B68E0E5B29}.Release|iPhoneSimulator.Build.0 = Release|Any CPU
		{48671621-A24F-4945-AC77-D8B68E0E5B29}.Release|x64.ActiveCfg = Release|Any CPU
		{48671621-A24F-4945-AC77-D8B68E0E5B29}.Release|x64.Build.0 = Release|Any CPU
		{48671621-A24F-4945-AC77-D8B68E0E5B29}.Release|x86.ActiveCfg = Release|Any CPU
		{48671621-A24F-4945-AC77-D8B68E0E5B29}.Release|x86.Build.0 = Release|Any CPU
		{B8195FB1-AA22-4E9D-BBC2-D27BA5E226A7}.Ad-Hoc|Any CPU.ActiveCfg = Release|Any CPU
		{B8195FB1-AA22-4E9D-BBC2-D27BA5E226A7}.Ad-Hoc|Any CPU.Build.0 = Release|Any CPU
		{B8195FB1-AA22-4E9D-BBC2-D27BA5E226A7}.Ad-Hoc|ARM.ActiveCfg = Release|Any CPU
		{B8195FB1-AA22-4E9D-BBC2-D27BA5E226A7}.Ad-Hoc|ARM.Build.0 = Release|Any CPU
		{B8195FB1-AA22-4E9D-BBC2-D27BA5E226A7}.Ad-Hoc|iPhone.ActiveCfg = Release|Any CPU
		{B8195FB1-AA22-4E9D-BBC2-D27BA5E226A7}.Ad-Hoc|iPhone.Build.0 = Release|Any CPU
		{B8195FB1-AA22-4E9D-BBC2-D27BA5E226A7}.Ad-Hoc|iPhoneSimulator.ActiveCfg = Release|Any CPU
		{B8195FB1-AA22-4E9D-BBC2-D27BA5E226A7}.Ad-Hoc|iPhoneSimulator.Build.0 = Release|Any CPU
		{B8195FB1-AA22-4E9D-BBC2-D27BA5E226A7}.Ad-Hoc|x64.ActiveCfg = Release|Any CPU
		{B8195FB1-AA22-4E9D-BBC2-D27BA5E226A7}.Ad-Hoc|x64.Build.0 = Release|Any CPU
		{B8195FB1-AA22-4E9D-BBC2-D27BA5E226A7}.Ad-Hoc|x86.ActiveCfg = Release|Any CPU
		{B8195FB1-AA22-4E9D-BBC2-D27BA5E226A7}.Ad-Hoc|x86.Build.0 = Release|Any CPU
		{B8195FB1-AA22-4E9D-BBC2-D27BA5E226A7}.AppStore|Any CPU.ActiveCfg = Release|Any CPU
		{B8195FB1-AA22-4E9D-BBC2-D27BA5E226A7}.AppStore|Any CPU.Build.0 = Release|Any CPU
		{B8195FB1-AA22-4E9D-BBC2-D27BA5E226A7}.AppStore|ARM.ActiveCfg = Release|Any CPU
		{B8195FB1-AA22-4E9D-BBC2-D27BA5E226A7}.AppStore|ARM.Build.0 = Release|Any CPU
		{B8195FB1-AA22-4E9D-BBC2-D27BA5E226A7}.AppStore|iPhone.ActiveCfg = Release|Any CPU
		{B8195FB1-AA22-4E9D-BBC2-D27BA5E226A7}.AppStore|iPhone.Build.0 = Release|Any CPU
		{B8195FB1-AA22-4E9D-BBC2-D27BA5E226A7}.AppStore|iPhoneSimulator.ActiveCfg = Release|Any CPU
		{B8195FB1-AA22-4E9D-BBC2-D27BA5E226A7}.AppStore|iPhoneSimulator.Build.0 = Release|Any CPU
		{B8195FB1-AA22-4E9D-BBC2-D27BA5E226A7}.AppStore|x64.ActiveCfg = Release|Any CPU
		{B8195FB1-AA22-4E9D-BBC2-D27BA5E226A7}.AppStore|x64.Build.0 = Release|Any CPU
		{B8195FB1-AA22-4E9D-BBC2-D27BA5E226A7}.AppStore|x86.ActiveCfg = Release|Any CPU
		{B8195FB1-AA22-4E9D-BBC2-D27BA5E226A7}.AppStore|x86.Build.0 = Release|Any CPU
		{B8195FB1-AA22-4E9D-BBC2-D27BA5E226A7}.Debug|Any CPU.ActiveCfg = Debug|Any CPU
		{B8195FB1-AA22-4E9D-BBC2-D27BA5E226A7}.Debug|Any CPU.Build.0 = Debug|Any CPU
		{B8195FB1-AA22-4E9D-BBC2-D27BA5E226A7}.Debug|ARM.ActiveCfg = Debug|Any CPU
		{B8195FB1-AA22-4E9D-BBC2-D27BA5E226A7}.Debug|ARM.Build.0 = Debug|Any CPU
		{B8195FB1-AA22-4E9D-BBC2-D27BA5E226A7}.Debug|iPhone.ActiveCfg = Debug|Any CPU
		{B8195FB1-AA22-4E9D-BBC2-D27BA5E226A7}.Debug|iPhone.Build.0 = Debug|Any CPU
		{B8195FB1-AA22-4E9D-BBC2-D27BA5E226A7}.Debug|iPhoneSimulator.ActiveCfg = Debug|Any CPU
		{B8195FB1-AA22-4E9D-BBC2-D27BA5E226A7}.Debug|iPhoneSimulator.Build.0 = Debug|Any CPU
		{B8195FB1-AA22-4E9D-BBC2-D27BA5E226A7}.Debug|x64.ActiveCfg = Debug|Any CPU
		{B8195FB1-AA22-4E9D-BBC2-D27BA5E226A7}.Debug|x64.Build.0 = Debug|Any CPU
		{B8195FB1-AA22-4E9D-BBC2-D27BA5E226A7}.Debug|x86.ActiveCfg = Debug|Any CPU
		{B8195FB1-AA22-4E9D-BBC2-D27BA5E226A7}.Debug|x86.Build.0 = Debug|Any CPU
		{B8195FB1-AA22-4E9D-BBC2-D27BA5E226A7}.Release|Any CPU.ActiveCfg = Release|Any CPU
		{B8195FB1-AA22-4E9D-BBC2-D27BA5E226A7}.Release|Any CPU.Build.0 = Release|Any CPU
		{B8195FB1-AA22-4E9D-BBC2-D27BA5E226A7}.Release|ARM.ActiveCfg = Release|Any CPU
		{B8195FB1-AA22-4E9D-BBC2-D27BA5E226A7}.Release|ARM.Build.0 = Release|Any CPU
		{B8195FB1-AA22-4E9D-BBC2-D27BA5E226A7}.Release|iPhone.ActiveCfg = Release|Any CPU
		{B8195FB1-AA22-4E9D-BBC2-D27BA5E226A7}.Release|iPhone.Build.0 = Release|Any CPU
		{B8195FB1-AA22-4E9D-BBC2-D27BA5E226A7}.Release|iPhoneSimulator.ActiveCfg = Release|Any CPU
		{B8195FB1-AA22-4E9D-BBC2-D27BA5E226A7}.Release|iPhoneSimulator.Build.0 = Release|Any CPU
		{B8195FB1-AA22-4E9D-BBC2-D27BA5E226A7}.Release|x64.ActiveCfg = Release|Any CPU
		{B8195FB1-AA22-4E9D-BBC2-D27BA5E226A7}.Release|x64.Build.0 = Release|Any CPU
		{B8195FB1-AA22-4E9D-BBC2-D27BA5E226A7}.Release|x86.ActiveCfg = Release|Any CPU
		{B8195FB1-AA22-4E9D-BBC2-D27BA5E226A7}.Release|x86.Build.0 = Release|Any CPU
		{32209E0C-D166-419D-924D-6E1873D05C29}.Ad-Hoc|Any CPU.ActiveCfg = Release|iPhone
		{32209E0C-D166-419D-924D-6E1873D05C29}.Ad-Hoc|Any CPU.Build.0 = Release|iPhone
		{32209E0C-D166-419D-924D-6E1873D05C29}.Ad-Hoc|ARM.ActiveCfg = Release|iPhone
		{32209E0C-D166-419D-924D-6E1873D05C29}.Ad-Hoc|ARM.Build.0 = Release|iPhone
		{32209E0C-D166-419D-924D-6E1873D05C29}.Ad-Hoc|iPhone.ActiveCfg = Release|iPhone
		{32209E0C-D166-419D-924D-6E1873D05C29}.Ad-Hoc|iPhone.Build.0 = Release|iPhone
		{32209E0C-D166-419D-924D-6E1873D05C29}.Ad-Hoc|iPhoneSimulator.ActiveCfg = Release|iPhone
		{32209E0C-D166-419D-924D-6E1873D05C29}.Ad-Hoc|iPhoneSimulator.Build.0 = Release|iPhone
		{32209E0C-D166-419D-924D-6E1873D05C29}.Ad-Hoc|x64.ActiveCfg = Release|iPhone
		{32209E0C-D166-419D-924D-6E1873D05C29}.Ad-Hoc|x64.Build.0 = Release|iPhone
		{32209E0C-D166-419D-924D-6E1873D05C29}.Ad-Hoc|x86.ActiveCfg = Release|iPhone
		{32209E0C-D166-419D-924D-6E1873D05C29}.Ad-Hoc|x86.Build.0 = Release|iPhone
		{32209E0C-D166-419D-924D-6E1873D05C29}.AppStore|Any CPU.ActiveCfg = Release|iPhone
		{32209E0C-D166-419D-924D-6E1873D05C29}.AppStore|Any CPU.Build.0 = Release|iPhone
		{32209E0C-D166-419D-924D-6E1873D05C29}.AppStore|ARM.ActiveCfg = Release|iPhone
		{32209E0C-D166-419D-924D-6E1873D05C29}.AppStore|ARM.Build.0 = Release|iPhone
		{32209E0C-D166-419D-924D-6E1873D05C29}.AppStore|iPhone.ActiveCfg = Release|iPhone
		{32209E0C-D166-419D-924D-6E1873D05C29}.AppStore|iPhone.Build.0 = Release|iPhone
		{32209E0C-D166-419D-924D-6E1873D05C29}.AppStore|iPhoneSimulator.ActiveCfg = Release|iPhone
		{32209E0C-D166-419D-924D-6E1873D05C29}.AppStore|iPhoneSimulator.Build.0 = Release|iPhone
		{32209E0C-D166-419D-924D-6E1873D05C29}.AppStore|x64.ActiveCfg = Release|iPhone
		{32209E0C-D166-419D-924D-6E1873D05C29}.AppStore|x64.Build.0 = Release|iPhone
		{32209E0C-D166-419D-924D-6E1873D05C29}.AppStore|x86.ActiveCfg = Release|iPhone
		{32209E0C-D166-419D-924D-6E1873D05C29}.AppStore|x86.Build.0 = Release|iPhone
		{32209E0C-D166-419D-924D-6E1873D05C29}.Debug|Any CPU.ActiveCfg = Debug|iPhone
		{32209E0C-D166-419D-924D-6E1873D05C29}.Debug|Any CPU.Build.0 = Debug|iPhone
		{32209E0C-D166-419D-924D-6E1873D05C29}.Debug|ARM.ActiveCfg = Debug|iPhone
		{32209E0C-D166-419D-924D-6E1873D05C29}.Debug|ARM.Build.0 = Debug|iPhone
		{32209E0C-D166-419D-924D-6E1873D05C29}.Debug|iPhone.ActiveCfg = Debug|iPhone
		{32209E0C-D166-419D-924D-6E1873D05C29}.Debug|iPhone.Build.0 = Debug|iPhone
		{32209E0C-D166-419D-924D-6E1873D05C29}.Debug|iPhoneSimulator.ActiveCfg = Debug|iPhoneSimulator
		{32209E0C-D166-419D-924D-6E1873D05C29}.Debug|iPhoneSimulator.Build.0 = Debug|iPhoneSimulator
		{32209E0C-D166-419D-924D-6E1873D05C29}.Debug|x64.ActiveCfg = Debug|iPhone
		{32209E0C-D166-419D-924D-6E1873D05C29}.Debug|x64.Build.0 = Debug|iPhone
		{32209E0C-D166-419D-924D-6E1873D05C29}.Debug|x86.ActiveCfg = Debug|iPhone
		{32209E0C-D166-419D-924D-6E1873D05C29}.Debug|x86.Build.0 = Debug|iPhone
		{32209E0C-D166-419D-924D-6E1873D05C29}.Release|Any CPU.ActiveCfg = Release|iPhone
		{32209E0C-D166-419D-924D-6E1873D05C29}.Release|Any CPU.Build.0 = Release|iPhone
		{32209E0C-D166-419D-924D-6E1873D05C29}.Release|ARM.ActiveCfg = Release|iPhone
		{32209E0C-D166-419D-924D-6E1873D05C29}.Release|ARM.Build.0 = Release|iPhone
		{32209E0C-D166-419D-924D-6E1873D05C29}.Release|iPhone.ActiveCfg = Release|iPhone
		{32209E0C-D166-419D-924D-6E1873D05C29}.Release|iPhone.Build.0 = Release|iPhone
		{32209E0C-D166-419D-924D-6E1873D05C29}.Release|iPhoneSimulator.ActiveCfg = Release|iPhoneSimulator
		{32209E0C-D166-419D-924D-6E1873D05C29}.Release|iPhoneSimulator.Build.0 = Release|iPhoneSimulator
		{32209E0C-D166-419D-924D-6E1873D05C29}.Release|x64.ActiveCfg = Release|iPhone
		{32209E0C-D166-419D-924D-6E1873D05C29}.Release|x64.Build.0 = Release|iPhone
		{32209E0C-D166-419D-924D-6E1873D05C29}.Release|x86.ActiveCfg = Release|iPhone
		{32209E0C-D166-419D-924D-6E1873D05C29}.Release|x86.Build.0 = Release|iPhone
		{E943D390-FC18-4405-9F76-88E7E8E85411}.Ad-Hoc|Any CPU.ActiveCfg = Release|Any CPU
		{E943D390-FC18-4405-9F76-88E7E8E85411}.Ad-Hoc|Any CPU.Build.0 = Release|Any CPU
		{E943D390-FC18-4405-9F76-88E7E8E85411}.Ad-Hoc|ARM.ActiveCfg = Release|Any CPU
		{E943D390-FC18-4405-9F76-88E7E8E85411}.Ad-Hoc|ARM.Build.0 = Release|Any CPU
		{E943D390-FC18-4405-9F76-88E7E8E85411}.Ad-Hoc|iPhone.ActiveCfg = Release|Any CPU
		{E943D390-FC18-4405-9F76-88E7E8E85411}.Ad-Hoc|iPhone.Build.0 = Release|Any CPU
		{E943D390-FC18-4405-9F76-88E7E8E85411}.Ad-Hoc|iPhoneSimulator.ActiveCfg = Release|Any CPU
		{E943D390-FC18-4405-9F76-88E7E8E85411}.Ad-Hoc|iPhoneSimulator.Build.0 = Release|Any CPU
		{E943D390-FC18-4405-9F76-88E7E8E85411}.Ad-Hoc|x64.ActiveCfg = Release|Any CPU
		{E943D390-FC18-4405-9F76-88E7E8E85411}.Ad-Hoc|x64.Build.0 = Release|Any CPU
		{E943D390-FC18-4405-9F76-88E7E8E85411}.Ad-Hoc|x86.ActiveCfg = Release|Any CPU
		{E943D390-FC18-4405-9F76-88E7E8E85411}.Ad-Hoc|x86.Build.0 = Release|Any CPU
		{E943D390-FC18-4405-9F76-88E7E8E85411}.AppStore|Any CPU.ActiveCfg = Release|Any CPU
		{E943D390-FC18-4405-9F76-88E7E8E85411}.AppStore|Any CPU.Build.0 = Release|Any CPU
		{E943D390-FC18-4405-9F76-88E7E8E85411}.AppStore|ARM.ActiveCfg = Release|Any CPU
		{E943D390-FC18-4405-9F76-88E7E8E85411}.AppStore|ARM.Build.0 = Release|Any CPU
		{E943D390-FC18-4405-9F76-88E7E8E85411}.AppStore|iPhone.ActiveCfg = Release|Any CPU
		{E943D390-FC18-4405-9F76-88E7E8E85411}.AppStore|iPhone.Build.0 = Release|Any CPU
		{E943D390-FC18-4405-9F76-88E7E8E85411}.AppStore|iPhoneSimulator.ActiveCfg = Release|Any CPU
		{E943D390-FC18-4405-9F76-88E7E8E85411}.AppStore|iPhoneSimulator.Build.0 = Release|Any CPU
		{E943D390-FC18-4405-9F76-88E7E8E85411}.AppStore|x64.ActiveCfg = Release|Any CPU
		{E943D390-FC18-4405-9F76-88E7E8E85411}.AppStore|x64.Build.0 = Release|Any CPU
		{E943D390-FC18-4405-9F76-88E7E8E85411}.AppStore|x86.ActiveCfg = Release|Any CPU
		{E943D390-FC18-4405-9F76-88E7E8E85411}.AppStore|x86.Build.0 = Release|Any CPU
		{E943D390-FC18-4405-9F76-88E7E8E85411}.Debug|Any CPU.ActiveCfg = Debug|Any CPU
		{E943D390-FC18-4405-9F76-88E7E8E85411}.Debug|Any CPU.Build.0 = Debug|Any CPU
		{E943D390-FC18-4405-9F76-88E7E8E85411}.Debug|ARM.ActiveCfg = Debug|Any CPU
		{E943D390-FC18-4405-9F76-88E7E8E85411}.Debug|ARM.Build.0 = Debug|Any CPU
		{E943D390-FC18-4405-9F76-88E7E8E85411}.Debug|iPhone.ActiveCfg = Debug|Any CPU
		{E943D390-FC18-4405-9F76-88E7E8E85411}.Debug|iPhone.Build.0 = Debug|Any CPU
		{E943D390-FC18-4405-9F76-88E7E8E85411}.Debug|iPhoneSimulator.ActiveCfg = Debug|Any CPU
		{E943D390-FC18-4405-9F76-88E7E8E85411}.Debug|iPhoneSimulator.Build.0 = Debug|Any CPU
		{E943D390-FC18-4405-9F76-88E7E8E85411}.Debug|x64.ActiveCfg = Debug|Any CPU
		{E943D390-FC18-4405-9F76-88E7E8E85411}.Debug|x64.Build.0 = Debug|Any CPU
		{E943D390-FC18-4405-9F76-88E7E8E85411}.Debug|x86.ActiveCfg = Debug|Any CPU
		{E943D390-FC18-4405-9F76-88E7E8E85411}.Debug|x86.Build.0 = Debug|Any CPU
		{E943D390-FC18-4405-9F76-88E7E8E85411}.Release|Any CPU.ActiveCfg = Release|Any CPU
		{E943D390-FC18-4405-9F76-88E7E8E85411}.Release|Any CPU.Build.0 = Release|Any CPU
		{E943D390-FC18-4405-9F76-88E7E8E85411}.Release|ARM.ActiveCfg = Release|Any CPU
		{E943D390-FC18-4405-9F76-88E7E8E85411}.Release|ARM.Build.0 = Release|Any CPU
		{E943D390-FC18-4405-9F76-88E7E8E85411}.Release|iPhone.ActiveCfg = Release|Any CPU
		{E943D390-FC18-4405-9F76-88E7E8E85411}.Release|iPhone.Build.0 = Release|Any CPU
		{E943D390-FC18-4405-9F76-88E7E8E85411}.Release|iPhoneSimulator.ActiveCfg = Release|Any CPU
		{E943D390-FC18-4405-9F76-88E7E8E85411}.Release|iPhoneSimulator.Build.0 = Release|Any CPU
		{E943D390-FC18-4405-9F76-88E7E8E85411}.Release|x64.ActiveCfg = Release|Any CPU
		{E943D390-FC18-4405-9F76-88E7E8E85411}.Release|x64.Build.0 = Release|Any CPU
		{E943D390-FC18-4405-9F76-88E7E8E85411}.Release|x86.ActiveCfg = Release|Any CPU
		{E943D390-FC18-4405-9F76-88E7E8E85411}.Release|x86.Build.0 = Release|Any CPU
		{B8207187-FE05-4517-BB25-B7C11489364A}.Ad-Hoc|Any CPU.ActiveCfg = Release|Any CPU
		{B8207187-FE05-4517-BB25-B7C11489364A}.Ad-Hoc|Any CPU.Build.0 = Release|Any CPU
		{B8207187-FE05-4517-BB25-B7C11489364A}.Ad-Hoc|ARM.ActiveCfg = Release|Any CPU
		{B8207187-FE05-4517-BB25-B7C11489364A}.Ad-Hoc|ARM.Build.0 = Release|Any CPU
		{B8207187-FE05-4517-BB25-B7C11489364A}.Ad-Hoc|iPhone.ActiveCfg = Release|Any CPU
		{B8207187-FE05-4517-BB25-B7C11489364A}.Ad-Hoc|iPhone.Build.0 = Release|Any CPU
		{B8207187-FE05-4517-BB25-B7C11489364A}.Ad-Hoc|iPhoneSimulator.ActiveCfg = Release|Any CPU
		{B8207187-FE05-4517-BB25-B7C11489364A}.Ad-Hoc|iPhoneSimulator.Build.0 = Release|Any CPU
		{B8207187-FE05-4517-BB25-B7C11489364A}.Ad-Hoc|x64.ActiveCfg = Release|Any CPU
		{B8207187-FE05-4517-BB25-B7C11489364A}.Ad-Hoc|x64.Build.0 = Release|Any CPU
		{B8207187-FE05-4517-BB25-B7C11489364A}.Ad-Hoc|x86.ActiveCfg = Release|Any CPU
		{B8207187-FE05-4517-BB25-B7C11489364A}.Ad-Hoc|x86.Build.0 = Release|Any CPU
		{B8207187-FE05-4517-BB25-B7C11489364A}.AppStore|Any CPU.ActiveCfg = Release|Any CPU
		{B8207187-FE05-4517-BB25-B7C11489364A}.AppStore|Any CPU.Build.0 = Release|Any CPU
		{B8207187-FE05-4517-BB25-B7C11489364A}.AppStore|ARM.ActiveCfg = Release|Any CPU
		{B8207187-FE05-4517-BB25-B7C11489364A}.AppStore|ARM.Build.0 = Release|Any CPU
		{B8207187-FE05-4517-BB25-B7C11489364A}.AppStore|iPhone.ActiveCfg = Release|Any CPU
		{B8207187-FE05-4517-BB25-B7C11489364A}.AppStore|iPhone.Build.0 = Release|Any CPU
		{B8207187-FE05-4517-BB25-B7C11489364A}.AppStore|iPhoneSimulator.ActiveCfg = Release|Any CPU
		{B8207187-FE05-4517-BB25-B7C11489364A}.AppStore|iPhoneSimulator.Build.0 = Release|Any CPU
		{B8207187-FE05-4517-BB25-B7C11489364A}.AppStore|x64.ActiveCfg = Release|Any CPU
		{B8207187-FE05-4517-BB25-B7C11489364A}.AppStore|x64.Build.0 = Release|Any CPU
		{B8207187-FE05-4517-BB25-B7C11489364A}.AppStore|x86.ActiveCfg = Release|Any CPU
		{B8207187-FE05-4517-BB25-B7C11489364A}.AppStore|x86.Build.0 = Release|Any CPU
		{B8207187-FE05-4517-BB25-B7C11489364A}.Debug|Any CPU.ActiveCfg = Debug|Any CPU
		{B8207187-FE05-4517-BB25-B7C11489364A}.Debug|Any CPU.Build.0 = Debug|Any CPU
		{B8207187-FE05-4517-BB25-B7C11489364A}.Debug|ARM.ActiveCfg = Debug|Any CPU
		{B8207187-FE05-4517-BB25-B7C11489364A}.Debug|ARM.Build.0 = Debug|Any CPU
		{B8207187-FE05-4517-BB25-B7C11489364A}.Debug|iPhone.ActiveCfg = Debug|Any CPU
		{B8207187-FE05-4517-BB25-B7C11489364A}.Debug|iPhone.Build.0 = Debug|Any CPU
		{B8207187-FE05-4517-BB25-B7C11489364A}.Debug|iPhoneSimulator.ActiveCfg = Debug|Any CPU
		{B8207187-FE05-4517-BB25-B7C11489364A}.Debug|iPhoneSimulator.Build.0 = Debug|Any CPU
		{B8207187-FE05-4517-BB25-B7C11489364A}.Debug|x64.ActiveCfg = Debug|Any CPU
		{B8207187-FE05-4517-BB25-B7C11489364A}.Debug|x64.Build.0 = Debug|Any CPU
		{B8207187-FE05-4517-BB25-B7C11489364A}.Debug|x86.ActiveCfg = Debug|Any CPU
		{B8207187-FE05-4517-BB25-B7C11489364A}.Debug|x86.Build.0 = Debug|Any CPU
		{B8207187-FE05-4517-BB25-B7C11489364A}.Release|Any CPU.ActiveCfg = Release|Any CPU
		{B8207187-FE05-4517-BB25-B7C11489364A}.Release|Any CPU.Build.0 = Release|Any CPU
		{B8207187-FE05-4517-BB25-B7C11489364A}.Release|ARM.ActiveCfg = Release|Any CPU
		{B8207187-FE05-4517-BB25-B7C11489364A}.Release|ARM.Build.0 = Release|Any CPU
		{B8207187-FE05-4517-BB25-B7C11489364A}.Release|iPhone.ActiveCfg = Release|Any CPU
		{B8207187-FE05-4517-BB25-B7C11489364A}.Release|iPhone.Build.0 = Release|Any CPU
		{B8207187-FE05-4517-BB25-B7C11489364A}.Release|iPhoneSimulator.ActiveCfg = Release|Any CPU
		{B8207187-FE05-4517-BB25-B7C11489364A}.Release|iPhoneSimulator.Build.0 = Release|Any CPU
		{B8207187-FE05-4517-BB25-B7C11489364A}.Release|x64.ActiveCfg = Release|Any CPU
		{B8207187-FE05-4517-BB25-B7C11489364A}.Release|x64.Build.0 = Release|Any CPU
		{B8207187-FE05-4517-BB25-B7C11489364A}.Release|x86.ActiveCfg = Release|Any CPU
		{B8207187-FE05-4517-BB25-B7C11489364A}.Release|x86.Build.0 = Release|Any CPU
	EndGlobalSection
	GlobalSection(SolutionProperties) = preSolution
		HideSolutionNode = FALSE
	EndGlobalSection
EndGlobal
